<?xml version="1.0" encoding="utf-8"?>
<Project ToolsVersion="4.0" xmlns="http://schemas.microsoft.com/developer/msbuild/2003">
  <ItemGroup>
    <ClCompile Include="Animation.cpp" />
    <ClCompile Include="Application.cpp" />
    <ClCompile Include="BirdSpawner.cpp" />
    <ClCompile Include="Button.cpp" />
    <ClCompile Include="Game.cpp" />
    <ClCompile Include="Island.cpp" />
    <ClCompile Include="main.cpp" />
    <ClCompile Include="Menu.cpp" />
    <ClCompile Include="MultiplayerShip.cpp" />
    <ClCompile Include="Network.cpp" />
    <ClCompile Include="Ship.cpp" />
    <ClCompile Include="Treasury.cpp" />
    <ClCompile Include="UIMap.cpp" />
    <ClCompile Include="Whirlwind.cpp" />
    <ClCompile Include="TextBox.cpp" />
  </ItemGroup>
  <ItemGroup>
    <ClInclude Include="Animation.h" />
    <ClInclude Include="Application.h" />
    <ClInclude Include="BirdSpawner.h" />
    <ClInclude Include="Button.h" />
    <ClInclude Include="Defines.h" />
    <ClInclude Include="Game.h" />
    <ClInclude Include="Island.h" />
    <ClInclude Include="Math.h" />
    <ClInclude Include="Menu.h" />
    <ClInclude Include="MultiplayerShip.h" />
    <ClInclude Include="Network.h" />
    <ClInclude Include="NetworkMessages.h" />
    <ClInclude Include="NpcShip.h" />
    <ClInclude Include="Ship.h" />
    <ClInclude Include="Treasury.h" />
    <ClInclude Include="UIMap.h" />
    <ClInclude Include="Whirlwind.h" />
    <ClInclude Include="TextBox.h" />
  </ItemGroup>
</Project>